
Microsoft Visual Studio Solution File, Format Version 12.00
# Visual Studio Version 16
VisualStudioVersion = 16.0.30002.166
MinimumVisualStudioVersion = 10.0.40219.1
Project("{FAE04EC0-301F-11D3-BF4B-00C04F79EFBC}") = "LamdaExpressionsAndPredicates", "LamdaExpressionsAndPredicates.csproj", "{EA29AF9F-D20A-4570-A663-7397C0478E06}"
EndProject
Global
	GlobalSection(SolutionConfigurationPlatforms) = preSolution
		Debug|Any CPU = Debug|Any CPU
		Release|Any CPU = Release|Any CPU
	EndGlobalSection
	GlobalSection(ProjectConfigurationPlatforms) = postSolution
		{EA29AF9F-D20A-4570-A663-7397C0478E06}.Debug|Any CPU.ActiveCfg = Debug|Any CPU
		{EA29AF9F-D20A-4570-A663-7397C0478E06}.Debug|Any CPU.Build.0 = Debug|Any CPU
		{EA29AF9F-D20A-4570-A663-7397C0478E06}.Release|Any CPU.ActiveCfg = Release|Any CPU
		{EA29AF9F-D20A-4570-A663-7397C0478E06}.Release|Any CPU.Build.0 = Release|Any CPU
	EndGlobalSection
	GlobalSection(SolutionProperties) = preSolution
		HideSolutionNode = FALSE
	EndGlobalSection
	GlobalSection(ExtensibilityGlobals) = postSolution
		SolutionGuid = {9919087A-C031-4F3E-B306-666B8F14B7C6}
	EndGlobalSection
EndGlobal
